{
  "originHash" : "7647ea745be936e83800db39580f5ac263677b0f3f4ba573ec657604b4f0d6e5",
  "pins" : [
    {
      "identity" : "confettiswiftui",
      "kind" : "remoteSourceControl",
      "location" : "https://github.com/simibac/ConfettiSwiftUI.git",
      "state" : {
        "revision" : "77ce21c82cc5fa608ac921a0dea09dd85b5432c7",
        "version" : "2.0.2"
      }
    },
    {
      "identity" : "purchases-ios",
      "kind" : "remoteSourceControl",
      "location" : "https://github.com/RevenueCat/purchases-ios.git",
      "state" : {
        "revision" : "4667fb080dea489e3a9a6b5d50e1a8e7deddf878",
        "version" : "5.20.2"
      }
    }
  ],
  "version" : 3
}
